# This file is automatically @generated by Cargo.
# It is not intended for manual editing.
version = 3

[[package]]
name = "radishlex-ime-cli"
version = "0.1.0"
dependencies = [
 "radishlex-ime-core",
 "radishlex-ime-engine-rime",
]

[[package]]
name = "radishlex-ime-core"
version = "0.1.0"

[[package]]
name = "radishlex-ime-engine-rime"
version = "0.1.0"
dependencies = [
 "radishlex-ime-core",
]
